
Microsoft Visual Studio Solution File, Format Version 12.00
# Visual Studio Version 17
VisualStudioVersion = 17.4.33110.190
MinimumVisualStudioVersion = 10.0.40219.1
Project("{9A19103F-16F7-4668-BE54-9A1E7A4F7556}") = "Test.NET", "Test.NET\Test.NET.csproj", "{4E05407C-F7A1-4EE5-8723-6C6FCCD5D276}"
EndProject
Project("{FAE04EC0-301F-11D3-BF4B-00C04F79EFBC}") = "DateTimeChecker", "DateTimeChecker\DateTimeChecker.csproj", "{3F70A0F8-C9A6-4C0B-BFBE-208DC81D07A9}"
EndProject
Global
	GlobalSection(SolutionConfigurationPlatforms) = preSolution
		Debug|Any CPU = Debug|Any CPU
		Release|Any CPU = Release|Any CPU
	EndGlobalSection
	GlobalSection(ProjectConfigurationPlatforms) = postSolution
		{4E05407C-F7A1-4EE5-8723-6C6FCCD5D276}.Debug|Any CPU.ActiveCfg = Debug|Any CPU
		{4E05407C-F7A1-4EE5-8723-6C6FCCD5D276}.Debug|Any CPU.Build.0 = Debug|Any CPU
		{4E05407C-F7A1-4EE5-8723-6C6FCCD5D276}.Release|Any CPU.ActiveCfg = Release|Any CPU
		{4E05407C-F7A1-4EE5-8723-6C6FCCD5D276}.Release|Any CPU.Build.0 = Release|Any CPU
		{3F70A0F8-C9A6-4C0B-BFBE-208DC81D07A9}.Debug|Any CPU.ActiveCfg = Debug|Any CPU
		{3F70A0F8-C9A6-4C0B-BFBE-208DC81D07A9}.Debug|Any CPU.Build.0 = Debug|Any CPU
		{3F70A0F8-C9A6-4C0B-BFBE-208DC81D07A9}.Release|Any CPU.ActiveCfg = Release|Any CPU
		{3F70A0F8-C9A6-4C0B-BFBE-208DC81D07A9}.Release|Any CPU.Build.0 = Release|Any CPU
	EndGlobalSection
	GlobalSection(SolutionProperties) = preSolution
		HideSolutionNode = FALSE
	EndGlobalSection
	GlobalSection(ExtensibilityGlobals) = postSolution
		SolutionGuid = {DA1B7484-0BE7-42A7-A614-4BFC219A5F87}
	EndGlobalSection
EndGlobal
